
Microsoft Visual Studio Solution File, Format Version 12.00
# Visual Studio Version 17
VisualStudioVersion = 17.0.32112.339
MinimumVisualStudioVersion = 10.0.40219.1
Project("{9A19103F-16F7-4668-BE54-9A1E7A4F7556}") = "PhotoViewer.App", "PhotoViewer.App\PhotoViewer.App.csproj", "{DE4848DA-C9F8-4DB3-953B-9AB4B4385B35}"
EndProject
Project("{9A19103F-16F7-4668-BE54-9A1E7A4F7556}") = "PhotoViewer.SourceGenerators", "PhotoViewer.SourceGenerators\PhotoViewer.SourceGenerators.csproj", "{CEE6C4A8-461C-4B7C-A824-48752F122997}"
EndProject
Project("{9A19103F-16F7-4668-BE54-9A1E7A4F7556}") = "PhotoViewer.Core", "PhotoViewer.Core\PhotoViewer.Core.csproj", "{E51E3BA0-DFF9-4C0A-B8BC-F3DE13BBF9B1}"
EndProject
Project("{9A19103F-16F7-4668-BE54-9A1E7A4F7556}") = "PhotoViewer.Test", "PhotoViewer.Test\PhotoViewer.Test.csproj", "{6D517E50-A2E5-4FA9-B67E-C06B598522C3}"
EndProject
Project("{9A19103F-16F7-4668-BE54-9A1E7A4F7556}") = "ThumbnailExtractor", "ThumbnailExtractor\ThumbnailExtractor.csproj", "{5950978A-D839-4E66-B633-BAC2301164E3}"
EndProject
Project("{C7167F0D-BC9F-4E6E-AFE1-012C56B48DB5}") = "PhotoViewerAppPackage", "PhotoViewerAppPackage\PhotoViewerAppPackage.wapproj", "{EC6B5521-9D11-442D-ABB8-E34D9BB74D1C}"
EndProject
Project("{2150E333-8FDC-42A3-9474-1A3956D46DE8}") = "Solution Items", "Solution Items", "{1E00341E-803E-4B5A-8D49-1B007665180C}"
	ProjectSection(SolutionItems) = preProject
		.editorconfig = .editorconfig
	EndProjectSection
EndProject
Project("{FAE04EC0-301F-11D3-BF4B-00C04F79EFBC}") = "GPSMetadataFixer", "GPSMetadataFixer\GPSMetadataFixer.csproj", "{87EE501B-139A-4A86-A0FF-03F4B51961BA}"
EndProject
Global
	GlobalSection(SolutionConfigurationPlatforms) = preSolution
		Debug|Any CPU = Debug|Any CPU
		Debug|ARM = Debug|ARM
		Debug|arm64 = Debug|arm64
		Debug|x64 = Debug|x64
		Debug|x86 = Debug|x86
		Release|Any CPU = Release|Any CPU
		Release|ARM = Release|ARM
		Release|arm64 = Release|arm64
		Release|x64 = Release|x64
		Release|x86 = Release|x86
	EndGlobalSection
	GlobalSection(ProjectConfigurationPlatforms) = postSolution
		{DE4848DA-C9F8-4DB3-953B-9AB4B4385B35}.Debug|Any CPU.ActiveCfg = Debug|x64
		{DE4848DA-C9F8-4DB3-953B-9AB4B4385B35}.Debug|Any CPU.Build.0 = Debug|x64
		{DE4848DA-C9F8-4DB3-953B-9AB4B4385B35}.Debug|Any CPU.Deploy.0 = Debug|x64
		{DE4848DA-C9F8-4DB3-953B-9AB4B4385B35}.Debug|ARM.ActiveCfg = Debug|x64
		{DE4848DA-C9F8-4DB3-953B-9AB4B4385B35}.Debug|ARM.Build.0 = Debug|x64
		{DE4848DA-C9F8-4DB3-953B-9AB4B4385B35}.Debug|ARM.Deploy.0 = Debug|x64
		{DE4848DA-C9F8-4DB3-953B-9AB4B4385B35}.Debug|arm64.ActiveCfg = Debug|arm64
		{DE4848DA-C9F8-4DB3-953B-9AB4B4385B35}.Debug|arm64.Build.0 = Debug|arm64
		{DE4848DA-C9F8-4DB3-953B-9AB4B4385B35}.Debug|arm64.Deploy.0 = Debug|arm64
		{DE4848DA-C9F8-4DB3-953B-9AB4B4385B35}.Debug|x64.ActiveCfg = Debug|x64
		{DE4848DA-C9F8-4DB3-953B-9AB4B4385B35}.Debug|x64.Build.0 = Debug|x64
		{DE4848DA-C9F8-4DB3-953B-9AB4B4385B35}.Debug|x64.Deploy.0 = Debug|x64
		{DE4848DA-C9F8-4DB3-953B-9AB4B4385B35}.Debug|x86.ActiveCfg = Debug|x86
		{DE4848DA-C9F8-4DB3-953B-9AB4B4385B35}.Debug|x86.Build.0 = Debug|x86
		{DE4848DA-C9F8-4DB3-953B-9AB4B4385B35}.Debug|x86.Deploy.0 = Debug|x86
		{DE4848DA-C9F8-4DB3-953B-9AB4B4385B35}.Release|Any CPU.ActiveCfg = Release|x64
		{DE4848DA-C9F8-4DB3-953B-9AB4B4385B35}.Release|Any CPU.Build.0 = Release|x64
		{DE4848DA-C9F8-4DB3-953B-9AB4B4385B35}.Release|Any CPU.Deploy.0 = Release|x64
		{DE4848DA-C9F8-4DB3-953B-9AB4B4385B35}.Release|ARM.ActiveCfg = Release|x64
		{DE4848DA-C9F8-4DB3-953B-9AB4B4385B35}.Release|ARM.Build.0 = Release|x64
		{DE4848DA-C9F8-4DB3-953B-9AB4B4385B35}.Release|ARM.Deploy.0 = Release|x64
		{DE4848DA-C9F8-4DB3-953B-9AB4B4385B35}.Release|arm64.ActiveCfg = Release|arm64
		{DE4848DA-C9F8-4DB3-953B-9AB4B4385B35}.Release|arm64.Build.0 = Release|arm64
		{DE4848DA-C9F8-4DB3-953B-9AB4B4385B35}.Release|arm64.Deploy.0 = Release|arm64
		{DE4848DA-C9F8-4DB3-953B-9AB4B4385B35}.Release|x64.ActiveCfg = Release|x64
		{DE4848DA-C9F8-4DB3-953B-9AB4B4385B35}.Release|x64.Build.0 = Release|x64
		{DE4848DA-C9F8-4DB3-953B-9AB4B4385B35}.Release|x64.Deploy.0 = Release|x64
		{DE4848DA-C9F8-4DB3-953B-9AB4B4385B35}.Release|x86.ActiveCfg = Release|x86
		{DE4848DA-C9F8-4DB3-953B-9AB4B4385B35}.Release|x86.Build.0 = Release|x86
		{DE4848DA-C9F8-4DB3-953B-9AB4B4385B35}.Release|x86.Deploy.0 = Release|x86
		{CEE6C4A8-461C-4B7C-A824-48752F122997}.Debug|Any CPU.ActiveCfg = Debug|x64
		{CEE6C4A8-461C-4B7C-A824-48752F122997}.Debug|Any CPU.Build.0 = Debug|x64
		{CEE6C4A8-461C-4B7C-A824-48752F122997}.Debug|ARM.ActiveCfg = Debug|x64
		{CEE6C4A8-461C-4B7C-A824-48752F122997}.Debug|ARM.Build.0 = Debug|x64
		{CEE6C4A8-461C-4B7C-A824-48752F122997}.Debug|arm64.ActiveCfg = Debug|arm64
		{CEE6C4A8-461C-4B7C-A824-48752F122997}.Debug|arm64.Build.0 = Debug|arm64
		{CEE6C4A8-461C-4B7C-A824-48752F122997}.Debug|x64.ActiveCfg = Debug|x64
		{CEE6C4A8-461C-4B7C-A824-48752F122997}.Debug|x64.Build.0 = Debug|x64
		{CEE6C4A8-461C-4B7C-A824-48752F122997}.Debug|x86.ActiveCfg = Debug|x86
		{CEE6C4A8-461C-4B7C-A824-48752F122997}.Debug|x86.Build.0 = Debug|x86
		{CEE6C4A8-461C-4B7C-A824-48752F122997}.Release|Any CPU.ActiveCfg = Release|x64
		{CEE6C4A8-461C-4B7C-A824-48752F122997}.Release|Any CPU.Build.0 = Release|x64
		{CEE6C4A8-461C-4B7C-A824-48752F122997}.Release|ARM.ActiveCfg = Release|x64
		{CEE6C4A8-461C-4B7C-A824-48752F122997}.Release|ARM.Build.0 = Release|x64
		{CEE6C4A8-461C-4B7C-A824-48752F122997}.Release|arm64.ActiveCfg = Release|arm64
		{CEE6C4A8-461C-4B7C-A824-48752F122997}.Release|arm64.Build.0 = Release|arm64
		{CEE6C4A8-461C-4B7C-A824-48752F122997}.Release|x64.ActiveCfg = Release|x64
		{CEE6C4A8-461C-4B7C-A824-48752F122997}.Release|x64.Build.0 = Release|x64
		{CEE6C4A8-461C-4B7C-A824-48752F122997}.Release|x86.ActiveCfg = Release|x86
		{CEE6C4A8-461C-4B7C-A824-48752F122997}.Release|x86.Build.0 = Release|x86
		{E51E3BA0-DFF9-4C0A-B8BC-F3DE13BBF9B1}.Debug|Any CPU.ActiveCfg = Debug|x64
		{E51E3BA0-DFF9-4C0A-B8BC-F3DE13BBF9B1}.Debug|Any CPU.Build.0 = Debug|x64
		{E51E3BA0-DFF9-4C0A-B8BC-F3DE13BBF9B1}.Debug|ARM.ActiveCfg = Debug|x64
		{E51E3BA0-DFF9-4C0A-B8BC-F3DE13BBF9B1}.Debug|ARM.Build.0 = Debug|x64
		{E51E3BA0-DFF9-4C0A-B8BC-F3DE13BBF9B1}.Debug|arm64.ActiveCfg = Debug|arm64
		{E51E3BA0-DFF9-4C0A-B8BC-F3DE13BBF9B1}.Debug|arm64.Build.0 = Debug|arm64
		{E51E3BA0-DFF9-4C0A-B8BC-F3DE13BBF9B1}.Debug|x64.ActiveCfg = Debug|x64
		{E51E3BA0-DFF9-4C0A-B8BC-F3DE13BBF9B1}.Debug|x64.Build.0 = Debug|x64
		{E51E3BA0-DFF9-4C0A-B8BC-F3DE13BBF9B1}.Debug|x86.ActiveCfg = Debug|x86
		{E51E3BA0-DFF9-4C0A-B8BC-F3DE13BBF9B1}.Debug|x86.Build.0 = Debug|x86
		{E51E3BA0-DFF9-4C0A-B8BC-F3DE13BBF9B1}.Release|Any CPU.ActiveCfg = Release|x64
		{E51E3BA0-DFF9-4C0A-B8BC-F3DE13BBF9B1}.Release|Any CPU.Build.0 = Release|x64
		{E51E3BA0-DFF9-4C0A-B8BC-F3DE13BBF9B1}.Release|ARM.ActiveCfg = Release|x64
		{E51E3BA0-DFF9-4C0A-B8BC-F3DE13BBF9B1}.Release|ARM.Build.0 = Release|x64
		{E51E3BA0-DFF9-4C0A-B8BC-F3DE13BBF9B1}.Release|arm64.ActiveCfg = Release|arm64
		{E51E3BA0-DFF9-4C0A-B8BC-F3DE13BBF9B1}.Release|arm64.Build.0 = Release|arm64
		{E51E3BA0-DFF9-4C0A-B8BC-F3DE13BBF9B1}.Release|x64.ActiveCfg = Release|x64
		{E51E3BA0-DFF9-4C0A-B8BC-F3DE13BBF9B1}.Release|x64.Build.0 = Release|x64
		{E51E3BA0-DFF9-4C0A-B8BC-F3DE13BBF9B1}.Release|x86.ActiveCfg = Release|x86
		{E51E3BA0-DFF9-4C0A-B8BC-F3DE13BBF9B1}.Release|x86.Build.0 = Release|x86
		{6D517E50-A2E5-4FA9-B67E-C06B598522C3}.Debug|Any CPU.ActiveCfg = Debug|x64
		{6D517E50-A2E5-4FA9-B67E-C06B598522C3}.Debug|Any CPU.Build.0 = Debug|x64
		{6D517E50-A2E5-4FA9-B67E-C06B598522C3}.Debug|ARM.ActiveCfg = Debug|x64
		{6D517E50-A2E5-4FA9-B67E-C06B598522C3}.Debug|ARM.Build.0 = Debug|x64
		{6D517E50-A2E5-4FA9-B67E-C06B598522C3}.Debug|arm64.ActiveCfg = Debug|arm64
		{6D517E50-A2E5-4FA9-B67E-C06B598522C3}.Debug|arm64.Build.0 = Debug|arm64
		{6D517E50-A2E5-4FA9-B67E-C06B598522C3}.Debug|x64.ActiveCfg = Debug|x64
		{6D517E50-A2E5-4FA9-B67E-C06B598522C3}.Debug|x64.Build.0 = Debug|x64
		{6D517E50-A2E5-4FA9-B67E-C06B598522C3}.Debug|x86.ActiveCfg = Debug|x86
		{6D517E50-A2E5-4FA9-B67E-C06B598522C3}.Debug|x86.Build.0 = Debug|x86
		{6D517E50-A2E5-4FA9-B67E-C06B598522C3}.Release|Any CPU.ActiveCfg = Release|x64
		{6D517E50-A2E5-4FA9-B67E-C06B598522C3}.Release|Any CPU.Build.0 = Release|x64
		{6D517E50-A2E5-4FA9-B67E-C06B598522C3}.Release|ARM.ActiveCfg = Release|x64
		{6D517E50-A2E5-4FA9-B67E-C06B598522C3}.Release|ARM.Build.0 = Release|x64
		{6D517E50-A2E5-4FA9-B67E-C06B598522C3}.Release|arm64.ActiveCfg = Release|arm64
		{6D517E50-A2E5-4FA9-B67E-C06B598522C3}.Release|arm64.Build.0 = Release|arm64
		{6D517E50-A2E5-4FA9-B67E-C06B598522C3}.Release|x64.ActiveCfg = Release|x64
		{6D517E50-A2E5-4FA9-B67E-C06B598522C3}.Release|x64.Build.0 = Release|x64
		{6D517E50-A2E5-4FA9-B67E-C06B598522C3}.Release|x86.ActiveCfg = Release|x86
		{6D517E50-A2E5-4FA9-B67E-C06B598522C3}.Release|x86.Build.0 = Release|x86
		{5950978A-D839-4E66-B633-BAC2301164E3}.Debug|Any CPU.ActiveCfg = Debug|Any CPU
		{5950978A-D839-4E66-B633-BAC2301164E3}.Debug|Any CPU.Build.0 = Debug|Any CPU
		{5950978A-D839-4E66-B633-BAC2301164E3}.Debug|ARM.ActiveCfg = Debug|Any CPU
		{5950978A-D839-4E66-B633-BAC2301164E3}.Debug|ARM.Build.0 = Debug|Any CPU
		{5950978A-D839-4E66-B633-BAC2301164E3}.Debug|arm64.ActiveCfg = Debug|Any CPU
		{5950978A-D839-4E66-B633-BAC2301164E3}.Debug|arm64.Build.0 = Debug|Any CPU
		{5950978A-D839-4E66-B633-BAC2301164E3}.Debug|x64.ActiveCfg = Debug|Any CPU
		{5950978A-D839-4E66-B633-BAC2301164E3}.Debug|x64.Build.0 = Debug|Any CPU
		{5950978A-D839-4E66-B633-BAC2301164E3}.Debug|x86.ActiveCfg = Debug|Any CPU
		{5950978A-D839-4E66-B633-BAC2301164E3}.Debug|x86.Build.0 = Debug|Any CPU
		{5950978A-D839-4E66-B633-BAC2301164E3}.Release|Any CPU.ActiveCfg = Release|Any CPU
		{5950978A-D839-4E66-B633-BAC2301164E3}.Release|Any CPU.Build.0 = Release|Any CPU
		{5950978A-D839-4E66-B633-BAC2301164E3}.Release|ARM.ActiveCfg = Release|Any CPU
		{5950978A-D839-4E66-B633-BAC2301164E3}.Release|ARM.Build.0 = Release|Any CPU
		{5950978A-D839-4E66-B633-BAC2301164E3}.Release|arm64.ActiveCfg = Release|Any CPU
		{5950978A-D839-4E66-B633-BAC2301164E3}.Release|arm64.Build.0 = Release|Any CPU
		{5950978A-D839-4E66-B633-BAC2301164E3}.Release|x64.ActiveCfg = Release|Any CPU
		{5950978A-D839-4E66-B633-BAC2301164E3}.Release|x64.Build.0 = Release|Any CPU
		{5950978A-D839-4E66-B633-BAC2301164E3}.Release|x86.ActiveCfg = Release|Any CPU
		{5950978A-D839-4E66-B633-BAC2301164E3}.Release|x86.Build.0 = Release|Any CPU
		{EC6B5521-9D11-442D-ABB8-E34D9BB74D1C}.Debug|Any CPU.ActiveCfg = Debug|Any CPU
		{EC6B5521-9D11-442D-ABB8-E34D9BB74D1C}.Debug|Any CPU.Build.0 = Debug|Any CPU
		{EC6B5521-9D11-442D-ABB8-E34D9BB74D1C}.Debug|Any CPU.Deploy.0 = Debug|Any CPU
		{EC6B5521-9D11-442D-ABB8-E34D9BB74D1C}.Debug|ARM.ActiveCfg = Debug|ARM
		{EC6B5521-9D11-442D-ABB8-E34D9BB74D1C}.Debug|ARM.Build.0 = Debug|ARM
		{EC6B5521-9D11-442D-ABB8-E34D9BB74D1C}.Debug|ARM.Deploy.0 = Debug|ARM
		{EC6B5521-9D11-442D-ABB8-E34D9BB74D1C}.Debug|arm64.ActiveCfg = Debug|ARM64
		{EC6B5521-9D11-442D-ABB8-E34D9BB74D1C}.Debug|arm64.Build.0 = Debug|ARM64
		{EC6B5521-9D11-442D-ABB8-E34D9BB74D1C}.Debug|arm64.Deploy.0 = Debug|ARM64
		{EC6B5521-9D11-442D-ABB8-E34D9BB74D1C}.Debug|x64.ActiveCfg = Debug|x64
		{EC6B5521-9D11-442D-ABB8-E34D9BB74D1C}.Debug|x64.Build.0 = Debug|x64
		{EC6B5521-9D11-442D-ABB8-E34D9BB74D1C}.Debug|x64.Deploy.0 = Debug|x64
		{EC6B5521-9D11-442D-ABB8-E34D9BB74D1C}.Debug|x86.ActiveCfg = Debug|x86
		{EC6B5521-9D11-442D-ABB8-E34D9BB74D1C}.Debug|x86.Build.0 = Debug|x86
		{EC6B5521-9D11-442D-ABB8-E34D9BB74D1C}.Debug|x86.Deploy.0 = Debug|x86
		{EC6B5521-9D11-442D-ABB8-E34D9BB74D1C}.Release|Any CPU.ActiveCfg = Release|Any CPU
		{EC6B5521-9D11-442D-ABB8-E34D9BB74D1C}.Release|Any CPU.Build.0 = Release|Any CPU
		{EC6B5521-9D11-442D-ABB8-E34D9BB74D1C}.Release|Any CPU.Deploy.0 = Release|Any CPU
		{EC6B5521-9D11-442D-ABB8-E34D9BB74D1C}.Release|ARM.ActiveCfg = Release|ARM
		{EC6B5521-9D11-442D-ABB8-E34D9BB74D1C}.Release|ARM.Build.0 = Release|ARM
		{EC6B5521-9D11-442D-ABB8-E34D9BB74D1C}.Release|ARM.Deploy.0 = Release|ARM
		{EC6B5521-9D11-442D-ABB8-E34D9BB74D1C}.Release|arm64.ActiveCfg = Release|ARM64
		{EC6B5521-9D11-442D-ABB8-E34D9BB74D1C}.Release|arm64.Build.0 = Release|ARM64
		{EC6B5521-9D11-442D-ABB8-E34D9BB74D1C}.Release|arm64.Deploy.0 = Release|ARM64
		{EC6B5521-9D11-442D-ABB8-E34D9BB74D1C}.Release|x64.ActiveCfg = Release|x64
		{EC6B5521-9D11-442D-ABB8-E34D9BB74D1C}.Release|x64.Build.0 = Release|x64
		{EC6B5521-9D11-442D-ABB8-E34D9BB74D1C}.Release|x64.Deploy.0 = Release|x64
		{EC6B5521-9D11-442D-ABB8-E34D9BB74D1C}.Release|x86.ActiveCfg = Release|x86
		{EC6B5521-9D11-442D-ABB8-E34D9BB74D1C}.Release|x86.Build.0 = Release|x86
		{EC6B5521-9D11-442D-ABB8-E34D9BB74D1C}.Release|x86.Deploy.0 = Release|x86
		{87EE501B-139A-4A86-A0FF-03F4B51961BA}.Debug|Any CPU.ActiveCfg = Debug|Any CPU
		{87EE501B-139A-4A86-A0FF-03F4B51961BA}.Debug|Any CPU.Build.0 = Debug|Any CPU
		{87EE501B-139A-4A86-A0FF-03F4B51961BA}.Debug|ARM.ActiveCfg = Debug|Any CPU
		{87EE501B-139A-4A86-A0FF-03F4B51961BA}.Debug|ARM.Build.0 = Debug|Any CPU
		{87EE501B-139A-4A86-A0FF-03F4B51961BA}.Debug|arm64.ActiveCfg = Debug|Any CPU
		{87EE501B-139A-4A86-A0FF-03F4B51961BA}.Debug|arm64.Build.0 = Debug|Any CPU
		{87EE501B-139A-4A86-A0FF-03F4B51961BA}.Debug|x64.ActiveCfg = Debug|Any CPU
		{87EE501B-139A-4A86-A0FF-03F4B51961BA}.Debug|x64.Build.0 = Debug|Any CPU
		{87EE501B-139A-4A86-A0FF-03F4B51961BA}.Debug|x86.ActiveCfg = Debug|Any CPU
		{87EE501B-139A-4A86-A0FF-03F4B51961BA}.Debug|x86.Build.0 = Debug|Any CPU
		{87EE501B-139A-4A86-A0FF-03F4B51961BA}.Release|Any CPU.ActiveCfg = Release|Any CPU
		{87EE501B-139A-4A86-A0FF-03F4B51961BA}.Release|Any CPU.Build.0 = Release|Any CPU
		{87EE501B-139A-4A86-A0FF-03F4B51961BA}.Release|ARM.ActiveCfg = Release|Any CPU
		{87EE501B-139A-4A86-A0FF-03F4B51961BA}.Release|ARM.Build.0 = Release|Any CPU
		{87EE501B-139A-4A86-A0FF-03F4B51961BA}.Release|arm64.ActiveCfg = Release|Any CPU
		{87EE501B-139A-4A86-A0FF-03F4B51961BA}.Release|arm64.Build.0 = Release|Any CPU
		{87EE501B-139A-4A86-A0FF-03F4B51961BA}.Release|x64.ActiveCfg = Release|Any CPU
		{87EE501B-139A-4A86-A0FF-03F4B51961BA}.Release|x64.Build.0 = Release|Any CPU
		{87EE501B-139A-4A86-A0FF-03F4B51961BA}.Release|x86.ActiveCfg = Release|Any CPU
		{87EE501B-139A-4A86-A0FF-03F4B51961BA}.Release|x86.Build.0 = Release|Any CPU
	EndGlobalSection
	GlobalSection(SolutionProperties) = preSolution
		HideSolutionNode = FALSE
	EndGlobalSection
	GlobalSection(ExtensibilityGlobals) = postSolution
		SolutionGuid = {031F9A67-562D-4057-BAE5-2409EDC3F910}
	EndGlobalSection
EndGlobal
